
Microsoft Visual Studio Solution File, Format Version 12.00
# Visual Studio Version 16
VisualStudioVersion = 16.0.31515.178
MinimumVisualStudioVersion = 10.0.40219.1
Project("{FAE04EC0-301F-11D3-BF4B-00C04F79EFBC}") = "Project_1", "Project_1\Project_1.csproj", "{47859EBF-4445-4512-B492-F4B891965D02}"
EndProject
Global
	GlobalSection(SolutionConfigurationPlatforms) = preSolution
		Debug|Any CPU = Debug|Any CPU
		Release|Any CPU = Release|Any CPU
	EndGlobalSection
	GlobalSection(ProjectConfigurationPlatforms) = postSolution
		{47859EBF-4445-4512-B492-F4B891965D02}.Debug|Any CPU.ActiveCfg = Debug|Any CPU
		{47859EBF-4445-4512-B492-F4B891965D02}.Debug|Any CPU.Build.0 = Debug|Any CPU
		{47859EBF-4445-4512-B492-F4B891965D02}.Release|Any CPU.ActiveCfg = Release|Any CPU
		{47859EBF-4445-4512-B492-F4B891965D02}.Release|Any CPU.Build.0 = Release|Any CPU
	EndGlobalSection
	GlobalSection(SolutionProperties) = preSolution
		HideSolutionNode = FALSE
	EndGlobalSection
	GlobalSection(ExtensibilityGlobals) = postSolution
		SolutionGuid = {406276D8-7DED-45BA-873B-DC836BFF97CB}
	EndGlobalSection
EndGlobal
